
Microsoft Visual Studio Solution File, Format Version 12.00
# Visual Studio Version 17
VisualStudioVersion = 17.1.32319.34
MinimumVisualStudioVersion = 10.0.40219.1
Project("{FAE04EC0-301F-11D3-BF4B-00C04F79EFBC}") = "Client.Interface", "Client.Interface\Client.Interface.csproj", "{233A7444-46DC-49C2-85CE-5DE417FF2378}"
EndProject
Project("{FAE04EC0-301F-11D3-BF4B-00C04F79EFBC}") = "Client.Infrastructure", "Client.Infrastructure\Client.Infrastructure.csproj", "{83B50E0B-BC66-474E-8D82-E22B5F07A679}"
EndProject
Project("{FAE04EC0-301F-11D3-BF4B-00C04F79EFBC}") = "Client.Application", "Client.Application\Client.Application.csproj", "{80CE60E1-F35D-41E7-8668-BA5F84B57DB3}"
EndProject
Project("{FAE04EC0-301F-11D3-BF4B-00C04F79EFBC}") = "Client.Domain", "Client.Domain\Client.Domain.csproj", "{26679313-2707-47E4-8B56-C786511CBC6D}"
EndProject
Global
	GlobalSection(SolutionConfigurationPlatforms) = preSolution
		Debug|Any CPU = Debug|Any CPU
		Release|Any CPU = Release|Any CPU
	EndGlobalSection
	GlobalSection(ProjectConfigurationPlatforms) = postSolution
		{233A7444-46DC-49C2-85CE-5DE417FF2378}.Debug|Any CPU.ActiveCfg = Debug|Any CPU
		{233A7444-46DC-49C2-85CE-5DE417FF2378}.Debug|Any CPU.Build.0 = Debug|Any CPU
		{233A7444-46DC-49C2-85CE-5DE417FF2378}.Release|Any CPU.ActiveCfg = Release|Any CPU
		{233A7444-46DC-49C2-85CE-5DE417FF2378}.Release|Any CPU.Build.0 = Release|Any CPU
		{83B50E0B-BC66-474E-8D82-E22B5F07A679}.Debug|Any CPU.ActiveCfg = Debug|Any CPU
		{83B50E0B-BC66-474E-8D82-E22B5F07A679}.Debug|Any CPU.Build.0 = Debug|Any CPU
		{83B50E0B-BC66-474E-8D82-E22B5F07A679}.Release|Any CPU.ActiveCfg = Release|Any CPU
		{83B50E0B-BC66-474E-8D82-E22B5F07A679}.Release|Any CPU.Build.0 = Release|Any CPU
		{80CE60E1-F35D-41E7-8668-BA5F84B57DB3}.Debug|Any CPU.ActiveCfg = Debug|Any CPU
		{80CE60E1-F35D-41E7-8668-BA5F84B57DB3}.Debug|Any CPU.Build.0 = Debug|Any CPU
		{80CE60E1-F35D-41E7-8668-BA5F84B57DB3}.Release|Any CPU.ActiveCfg = Release|Any CPU
		{80CE60E1-F35D-41E7-8668-BA5F84B57DB3}.Release|Any CPU.Build.0 = Release|Any CPU
		{26679313-2707-47E4-8B56-C786511CBC6D}.Debug|Any CPU.ActiveCfg = Debug|Any CPU
		{26679313-2707-47E4-8B56-C786511CBC6D}.Debug|Any CPU.Build.0 = Debug|Any CPU
		{26679313-2707-47E4-8B56-C786511CBC6D}.Release|Any CPU.ActiveCfg = Release|Any CPU
		{26679313-2707-47E4-8B56-C786511CBC6D}.Release|Any CPU.Build.0 = Release|Any CPU
	EndGlobalSection
	GlobalSection(SolutionProperties) = preSolution
		HideSolutionNode = FALSE
	EndGlobalSection
	GlobalSection(ExtensibilityGlobals) = postSolution
		SolutionGuid = {E46867FE-7E53-4C90-A1F1-65DC4CE12DAE}
	EndGlobalSection
EndGlobal
